
Microsoft Visual Studio Solution File, Format Version 12.00
# Visual Studio Version 17
VisualStudioVersion = 17.8.34511.84
MinimumVisualStudioVersion = 10.0.40219.1
Project("{FAE04EC0-301F-11D3-BF4B-00C04F79EFBC}") = "COMP003A.Assignment5", "COMP003A.Assignment5.csproj", "{51CEB4C5-43FE-471A-95A4-6FD88CD98841}"
EndProject
Global
	GlobalSection(SolutionConfigurationPlatforms) = preSolution
		Debug|Any CPU = Debug|Any CPU
		Release|Any CPU = Release|Any CPU
	EndGlobalSection
	GlobalSection(ProjectConfigurationPlatforms) = postSolution
		{51CEB4C5-43FE-471A-95A4-6FD88CD98841}.Debug|Any CPU.ActiveCfg = Debug|Any CPU
		{51CEB4C5-43FE-471A-95A4-6FD88CD98841}.Debug|Any CPU.Build.0 = Debug|Any CPU
		{51CEB4C5-43FE-471A-95A4-6FD88CD98841}.Release|Any CPU.ActiveCfg = Release|Any CPU
		{51CEB4C5-43FE-471A-95A4-6FD88CD98841}.Release|Any CPU.Build.0 = Release|Any CPU
	EndGlobalSection
	GlobalSection(SolutionProperties) = preSolution
		HideSolutionNode = FALSE
	EndGlobalSection
	GlobalSection(ExtensibilityGlobals) = postSolution
		SolutionGuid = {46D4AD04-B574-4B8C-95D1-0BCD537FB60B}
	EndGlobalSection
EndGlobal
